
Microsoft Visual Studio Solution File, Format Version 12.00
# Visual Studio 15
VisualStudioVersion = 15.0.27130.2027
MinimumVisualStudioVersion = 10.0.40219.1
Project("{FAE04EC0-301F-11D3-BF4B-00C04F79EFBC}") = "MiniFutbolApp", "MiniFutbolApp\MiniFutbolApp.csproj", "{4C3B1C31-3008-4E9E-806E-975C6FB5AE16}"
EndProject
Global
	GlobalSection(SolutionConfigurationPlatforms) = preSolution
		Debug|Any CPU = Debug|Any CPU
		Release|Any CPU = Release|Any CPU
	EndGlobalSection
	GlobalSection(ProjectConfigurationPlatforms) = postSolution
		{4C3B1C31-3008-4E9E-806E-975C6FB5AE16}.Debug|Any CPU.ActiveCfg = Debug|Any CPU
		{4C3B1C31-3008-4E9E-806E-975C6FB5AE16}.Debug|Any CPU.Build.0 = Debug|Any CPU
		{4C3B1C31-3008-4E9E-806E-975C6FB5AE16}.Release|Any CPU.ActiveCfg = Release|Any CPU
		{4C3B1C31-3008-4E9E-806E-975C6FB5AE16}.Release|Any CPU.Build.0 = Release|Any CPU
	EndGlobalSection
	GlobalSection(SolutionProperties) = preSolution
		HideSolutionNode = FALSE
	EndGlobalSection
	GlobalSection(ExtensibilityGlobals) = postSolution
		SolutionGuid = {FFF86A4F-F982-49B2-B155-9DE442175C0D}
	EndGlobalSection
EndGlobal
